
Microsoft Visual Studio Solution File, Format Version 12.00
# Visual Studio 2013
VisualStudioVersion = 12.0.21005.1
MinimumVisualStudioVersion = 10.0.40219.1
Project("{FAE04EC0-301F-11D3-BF4B-00C04F79EFBC}") = "MobilePhones.Task1.Library", "MobilePhones.Task1.Library\MobilePhones.Task1.Library.csproj", "{C75659AA-6866-426F-ADAB-DEC05B00F97A}"
EndProject
Project("{FAE04EC0-301F-11D3-BF4B-00C04F79EFBC}") = "MobilePhone.Task1.Client", "MobilePhone.Task1.Client\MobilePhone.Task1.Client.csproj", "{61FD71DD-2AE8-4485-9E71-7F8B6FC440F1}"
EndProject
Project("{FAE04EC0-301F-11D3-BF4B-00C04F79EFBC}") = "NutonRoot.Task1.Library", "NutonRoot.Task1.Library\NutonRoot.Task1.Library.csproj", "{E58234D0-CA47-4E52-BD29-6ADC05508A73}"
EndProject
Project("{FAE04EC0-301F-11D3-BF4B-00C04F79EFBC}") = "NutonRoot.Task1.Test", "NutonRoot.Task1.Test\NutonRoot.Task1.Test.csproj", "{E18DAF51-FB58-4B1D-ABEF-FB6BAD2AAB07}"
EndProject
Project("{FAE04EC0-301F-11D3-BF4B-00C04F79EFBC}") = "JaggedArray.Task2", "JaggedArray.Task2\JaggedArray.Task2.csproj", "{2D67888B-D3B6-4D8A-AA9E-07749D562CA2}"
EndProject
Global
	GlobalSection(SolutionConfigurationPlatforms) = preSolution
		Debug|Any CPU = Debug|Any CPU
		Release|Any CPU = Release|Any CPU
	EndGlobalSection
	GlobalSection(ProjectConfigurationPlatforms) = postSolution
		{C75659AA-6866-426F-ADAB-DEC05B00F97A}.Debug|Any CPU.ActiveCfg = Debug|Any CPU
		{C75659AA-6866-426F-ADAB-DEC05B00F97A}.Debug|Any CPU.Build.0 = Debug|Any CPU
		{C75659AA-6866-426F-ADAB-DEC05B00F97A}.Release|Any CPU.ActiveCfg = Release|Any CPU
		{C75659AA-6866-426F-ADAB-DEC05B00F97A}.Release|Any CPU.Build.0 = Release|Any CPU
		{61FD71DD-2AE8-4485-9E71-7F8B6FC440F1}.Debug|Any CPU.ActiveCfg = Debug|Any CPU
		{61FD71DD-2AE8-4485-9E71-7F8B6FC440F1}.Debug|Any CPU.Build.0 = Debug|Any CPU
		{61FD71DD-2AE8-4485-9E71-7F8B6FC440F1}.Release|Any CPU.ActiveCfg = Release|Any CPU
		{61FD71DD-2AE8-4485-9E71-7F8B6FC440F1}.Release|Any CPU.Build.0 = Release|Any CPU
		{E58234D0-CA47-4E52-BD29-6ADC05508A73}.Debug|Any CPU.ActiveCfg = Debug|Any CPU
		{E58234D0-CA47-4E52-BD29-6ADC05508A73}.Debug|Any CPU.Build.0 = Debug|Any CPU
		{E58234D0-CA47-4E52-BD29-6ADC05508A73}.Release|Any CPU.ActiveCfg = Release|Any CPU
		{E58234D0-CA47-4E52-BD29-6ADC05508A73}.Release|Any CPU.Build.0 = Release|Any CPU
		{E18DAF51-FB58-4B1D-ABEF-FB6BAD2AAB07}.Debug|Any CPU.ActiveCfg = Debug|Any CPU
		{E18DAF51-FB58-4B1D-ABEF-FB6BAD2AAB07}.Debug|Any CPU.Build.0 = Debug|Any CPU
		{E18DAF51-FB58-4B1D-ABEF-FB6BAD2AAB07}.Release|Any CPU.ActiveCfg = Release|Any CPU
		{E18DAF51-FB58-4B1D-ABEF-FB6BAD2AAB07}.Release|Any CPU.Build.0 = Release|Any CPU
		{2D67888B-D3B6-4D8A-AA9E-07749D562CA2}.Debug|Any CPU.ActiveCfg = Debug|Any CPU
		{2D67888B-D3B6-4D8A-AA9E-07749D562CA2}.Debug|Any CPU.Build.0 = Debug|Any CPU
		{2D67888B-D3B6-4D8A-AA9E-07749D562CA2}.Release|Any CPU.ActiveCfg = Release|Any CPU
		{2D67888B-D3B6-4D8A-AA9E-07749D562CA2}.Release|Any CPU.Build.0 = Release|Any CPU
	EndGlobalSection
	GlobalSection(SolutionProperties) = preSolution
		HideSolutionNode = FALSE
	EndGlobalSection
EndGlobal
